
Microsoft Visual Studio Solution File, Format Version 12.00
# Visual Studio Version 16
VisualStudioVersion = 16.0.31702.278
MinimumVisualStudioVersion = 10.0.40219.1
Project("{FAE04EC0-301F-11D3-BF4B-00C04F79EFBC}") = "App", "App\App.csproj", "{6FA4D08B-78B5-4DDA-A025-992B0A91984F}"
EndProject
Project("{FAE04EC0-301F-11D3-BF4B-00C04F79EFBC}") = "Bussines", "Bussines\Bussines.csproj", "{128E291B-9CA4-4FC7-B6E3-192B391B480A}"
EndProject
Project("{FAE04EC0-301F-11D3-BF4B-00C04F79EFBC}") = "Data", "Data\Data.csproj", "{C3718FB2-00C7-435C-8A96-536187211138}"
EndProject
Global
	GlobalSection(SolutionConfigurationPlatforms) = preSolution
		Debug|Any CPU = Debug|Any CPU
		Release|Any CPU = Release|Any CPU
	EndGlobalSection
	GlobalSection(ProjectConfigurationPlatforms) = postSolution
		{6FA4D08B-78B5-4DDA-A025-992B0A91984F}.Debug|Any CPU.ActiveCfg = Debug|Any CPU
		{6FA4D08B-78B5-4DDA-A025-992B0A91984F}.Debug|Any CPU.Build.0 = Debug|Any CPU
		{6FA4D08B-78B5-4DDA-A025-992B0A91984F}.Release|Any CPU.ActiveCfg = Release|Any CPU
		{6FA4D08B-78B5-4DDA-A025-992B0A91984F}.Release|Any CPU.Build.0 = Release|Any CPU
		{128E291B-9CA4-4FC7-B6E3-192B391B480A}.Debug|Any CPU.ActiveCfg = Debug|Any CPU
		{128E291B-9CA4-4FC7-B6E3-192B391B480A}.Debug|Any CPU.Build.0 = Debug|Any CPU
		{128E291B-9CA4-4FC7-B6E3-192B391B480A}.Release|Any CPU.ActiveCfg = Release|Any CPU
		{128E291B-9CA4-4FC7-B6E3-192B391B480A}.Release|Any CPU.Build.0 = Release|Any CPU
		{C3718FB2-00C7-435C-8A96-536187211138}.Debug|Any CPU.ActiveCfg = Debug|Any CPU
		{C3718FB2-00C7-435C-8A96-536187211138}.Debug|Any CPU.Build.0 = Debug|Any CPU
		{C3718FB2-00C7-435C-8A96-536187211138}.Release|Any CPU.ActiveCfg = Release|Any CPU
		{C3718FB2-00C7-435C-8A96-536187211138}.Release|Any CPU.Build.0 = Release|Any CPU
	EndGlobalSection
	GlobalSection(SolutionProperties) = preSolution
		HideSolutionNode = FALSE
	EndGlobalSection
	GlobalSection(ExtensibilityGlobals) = postSolution
		SolutionGuid = {D0DE05C1-46B7-4C9E-9874-79E3D95F975F}
	EndGlobalSection
EndGlobal
